<?xml version="1.0" encoding="utf-8"?>
<Project ToolsVersion="4.0" xmlns="http://schemas.microsoft.com/developer/msbuild/2003">
  <ItemGroup>
    <Filter Include="Source Files">
      <UniqueIdentifier>{4FC737F1-C7A5-4376-A066-2A32D752A2FF}</UniqueIdentifier>
      <Extensions>cpp;c;cc;cxx;def;odl;idl;hpj;bat;asm;asmx</Extensions>
    </Filter>
    <Filter Include="Header Files">
      <UniqueIdentifier>{93995380-89BD-4b04-88EB-625FBE52EBFB}</UniqueIdentifier>
      <Extensions>h;hh;hpp;hxx;hm;inl;inc;xsd</Extensions>
    </Filter>
    <Filter Include="Resource Files">
      <UniqueIdentifier>{67DA6AB6-F800-4c08-8B7A-83BB121AAD01}</UniqueIdentifier>
      <Extensions>rc;ico;cur;bmp;dlg;rc2;rct;bin;rgs;gif;jpg;jpeg;jpe;resx;tiff;tif;png;wav;mfcribbon-ms</Extensions>
    </Filter>
  </ItemGroup>
  <ItemGroup>
    <ClInclude Include="DetectionUnit.h">
      <Filter>Header Files</Filter>
    </ClInclude>
    <ClInclude Include="HashSettings.h">
      <Filter>Header Files</Filter>
    </ClInclude>
    <ClInclude Include="QuantizedTripletValues.h">
      <Filter>Header Files</Filter>
    </ClInclude>
    <ClInclude Include="TemplateChamferScore.h">
      <Filter>Header Files</Filter>
    </ClInclude>
    <ClInclude Include="TemplateIndex.h">
      <Filter>Header Files</Filter>
    </ClInclude>
    <ClInclude Include="TimeMeasuring.h">
      <Filter>Header Files</Filter>
    </ClInclude>
    <ClInclude Include="Triplet.h">
      <Filter>Header Files</Filter>
    </ClInclude>
    <ClInclude Include="TripletValues.h">
      <Filter>Header Files</Filter>
    </ClInclude>
    <ClInclude Include="utils.h">
      <Filter>Header Files</Filter>
    </ClInclude>
    <ClInclude Include="visualize.h">
      <Filter>Header Files</Filter>
    </ClInclude>
    <ClInclude Include="sparseDescriptor.h">
      <Filter>Header Files</Filter>
    </ClInclude>
    <ClInclude Include="distAndOri.h">
      <Filter>Header Files</Filter>
    </ClInclude>
  </ItemGroup>
  <ItemGroup>
    <ClCompile Include="Fast3DObjectDetection.cpp">
      <Filter>Source Files</Filter>
    </ClCompile>
    <ClCompile Include="distAndOri.cpp">
      <Filter>Source Files</Filter>
    </ClCompile>
  </ItemGroup>
</Project>